{
  "lockfileVersion": 1,
  "workspaces": {
    "": {
      "name": "baoyu-danger-x-to-markdown-scripts",
      "dependencies": {
        "baoyu-chrome-cdp": "file:./vendor/baoyu-chrome-cdp",
      },
    },
  },
  "packages": {
    "baoyu-chrome-cdp": ["baoyu-chrome-cdp@file:vendor/baoyu-chrome-cdp", {}],
  }
}
